
Microsoft Visual Studio Solution File, Format Version 12.00
# Visual Studio Version 17
VisualStudioVersion = 17.11.35312.102
MinimumVisualStudioVersion = 10.0.40219.1
Project("{FAE04EC0-301F-11D3-BF4B-00C04F79EFBC}") = "ProgBlogAPI", "ProgBlogAPI\ProgBlogAPI.csproj", "{5BA5B635-555C-41E3-877B-969F7A367B06}"
EndProject
Global
	GlobalSection(SolutionConfigurationPlatforms) = preSolution
		Debug|Any CPU = Debug|Any CPU
		Release|Any CPU = Release|Any CPU
	EndGlobalSection
	GlobalSection(ProjectConfigurationPlatforms) = postSolution
		{5BA5B635-555C-41E3-877B-969F7A367B06}.Debug|Any CPU.ActiveCfg = Debug|Any CPU
		{5BA5B635-555C-41E3-877B-969F7A367B06}.Debug|Any CPU.Build.0 = Debug|Any CPU
		{5BA5B635-555C-41E3-877B-969F7A367B06}.Release|Any CPU.ActiveCfg = Release|Any CPU
		{5BA5B635-555C-41E3-877B-969F7A367B06}.Release|Any CPU.Build.0 = Release|Any CPU
	EndGlobalSection
	GlobalSection(SolutionProperties) = preSolution
		HideSolutionNode = FALSE
	EndGlobalSection
	GlobalSection(ExtensibilityGlobals) = postSolution
		SolutionGuid = {5EAAB102-6E17-455C-940F-23451E9510EF}
	EndGlobalSection
EndGlobal
